github.com/BurntSushi/toml v1.2.1 h1:9F2/+DoOYIOksmaJFPw1tGFy1eDnIJXg+UHjuD8lTak=
github.com/BurntSushi/toml v1.2.1/go.mod h1:CxXYINrC8qIiEnFrOxCa7Jy5BFHlXnUU2pbicEuybxQ=
github.com/client9/misspell v0.3.4 h1:ta993UF76GwbvJcIo3Y68y/M3WxlpEHPWIGDkJYwzJI=
github.com/davecgh/go-spew v1.1.0/go.mod h1:J7Y8YcW2NihsgmVo/mv3lAwl/skON4iLHjSsI+c5H38=
github.com/davecgh/go-spew v1.1.1 h1:vj9j/u1bqnvCEfJOwUhtlOARqs3+rkHYY13jYWTU97c=
github.com/davecgh/go-spew v1.1.1/go.mod h1:J7Y8YcW2NihsgmVo/mv3lAwl/skON4iLHjSsI+c5H38=
github.com/frankban/quicktest v1.14.3 h1:FJKSZTDHjyhriyC81FLQ0LY93eSai0ZyR/ZIkd3ZUKE=
github.com/google/go-cmp v0.6.0 h1:ofyhxvXcZhMsU5ulbFiLKl/XBFqE1GSq7atu8tAmTRI=
github.com/google/go-cmp v0.6.0/go.mod h1:17dUlkBOakJ0+DkrSSNjCkIjxS6bF9zb3elmeNGIjoY=
github.com/goplus/gogen v1.16.6 h1:Zwv18HoTbPDk8s2ajxgVeqZE5i4/GMV722KHl6GS8Yk=
github.com/goplus/gogen v1.16.6/go.mod h1:6TQYbabXDF9LCdDkOOzHmfg1R4ENfXQ3XpHa9RhTSD8=
github.com/goplus/gop v1.3.5 h1:WmkGpOnyANI/b0Oj/k3qkOPdlhEiBbpds/X/cgUVzDs=
github.com/goplus/gop v1.3.5/go.mod h1:BnMzJG+PYoOWjKT4Q7CwxLUTBRnTFuuxW8W4O3vq/TU=
github.com/goplus/mod v0.13.17 h1:aWp14xosENrh7t0/0qcIejDmQEiTgI3ou2+KoLDlSlE=
github.com/goplus/mod v0.13.17/go.mod h1:XlHf8mnQ4QkRDX14Of2tpywuHDd+JVpPStvh3egog+0=
github.com/goplus/tools v0.13.8 h1:c5Ip7wzhQ1mHD1J/KXH6XIxmrn0FGbePAKxYfeEmPOI=
github.com/goplus/tools v0.13.8/go.mod h1:XgPnvZ2OlDypSOl622keHfBapG4CpPa19/vrrGJqRmo=
github.com/goplus/tools/gopls v0.0.0-20250224095636-cc8806ff27fe h1:nDm44f4Qdj2t+/U0BgefX5zrTdvSvWKrxrmdupZfoHs=
github.com/goplus/tools/gopls v0.0.0-20250224095636-cc8806ff27fe/go.mod h1:p8cwmk/KLP+8JJEZe1U6sHEfalXvbp1hMwHbxHoSEJY=
github.com/kr/pretty v0.1.0/go.mod h1:dAy3ld7l9f0ibDNOQOHHMYYIIbhfbHSm3C4ZsoJORNo=
github.com/kr/pretty v0.3.0 h1:WgNl7dwNpEZ6jJ9k1snq4pZsg7DOEN8hP9Xw0Tsjwk0=
github.com/kr/pty v1.1.1/go.mod h1:pFQYn66WHrOpPYNljwOMqo10TkYh1fy3cYio2l3bCsQ=
github.com/kr/text v0.1.0/go.mod h1:4Jbv+DJW3UT/LiOwJeYQe1efqtUx/iVham/4vfdArNI=
github.com/kr/text v0.2.0 h1:5Nx0Ya0ZqY2ygV366QzturHI13Jq95ApcVaJBhpS+AY=
github.com/pmezard/go-difflib v1.0.0 h1:4DBwDE0NGyQoBHbLQYPwSUPoCMWR5BEzIk/f1lZbAQM=
github.com/pmezard/go-difflib v1.0.0/go.mod h1:iKH77koFhYxTK1pcRnkKkqfTogsbg7gZNVY4sRDYZ/4=
github.com/qiniu/x v1.13.12 h1:UyAwja6dgKUOYWZMzzc02wLodwnZ7wmK/0XzRd0e78g=
github.com/qiniu/x v1.13.12/go.mod h1:INZ2TSWSJVWO/RuELQROERcslBwVgFG7MkTfEdaQz9E=
github.com/rogpeppe/go-internal v1.10.0 h1:TMyTOH3F/DB16zRVcYyreMH6GnZZrwQVAoYjRBZyWFQ=
github.com/sergi/go-diff v1.1.0 h1:we8PVUC3FE2uYfodKH/nBHMSetSfHDR6scGdBi+erh0=
github.com/sergi/go-diff v1.1.0/go.mod h1:STckp+ISIX8hZLjrqAeVduY0gWCT9IjLuqbuNXdaHfM=
github.com/stretchr/objx v0.1.0/go.mod h1:HFkY916IF+rwdDfMAkV7OtwuqBVzrE8GR6GFx+wExME=
github.com/stretchr/testify v1.4.0 h1:2E4SXV/wtOkTonXsotYi4li6zVWxYlZuYNCXe9XRJyk=
github.com/stretchr/testify v1.4.0/go.mod h1:j7eGeouHqKxXV5pUuKE4zz7dFj8WfuZ+81PSLYec5m4=
golang.org/x/exp v0.0.0-20220722155223-a9213eeb770e h1:+WEEuIdZHnUeJJmEUjyYC2gfUMj69yZXw17EnHg/otA=
golang.org/x/exp v0.0.0-20220722155223-a9213eeb770e/go.mod h1:Kr81I6Kryrl9sr8s2FK3vxD90NdsKWRuOIl2O4CvYbA=
golang.org/x/exp/typeparams v0.0.0-20221212164502-fae10dda9338 h1:2O2DON6y3XMJiQRAS1UWU+54aec2uopH3x7MAiqGW6Y=
golang.org/x/exp/typeparams v0.0.0-20221212164502-fae10dda9338/go.mod h1:AbB0pIl9nAr9wVwH+Z2ZpaocVmF5I4GyWCDIsVjR0bk=
golang.org/x/mod v0.20.0 h1:utOm6MM3R3dnawAiJgn0y+xvuYRsm1RKM/4giyfDgV0=
golang.org/x/mod v0.20.0/go.mod h1:hTbmBsO62+eylJbnUtE2MGJUyE7QWk4xUqPFrRgJ+7c=
golang.org/x/sync v0.8.0 h1:3NFvSEYkUoMifnESzZl15y791HH1qU2xm6eCJU5ZPXQ=
golang.org/x/sync v0.8.0/go.mod h1:Czt+wKu1gCyEFDUtn0jG5QVvpJ6rzVqr5aXyt9drQfk=
golang.org/x/sys v0.25.0 h1:r+8e+loiHxRqhXVl6ML1nO3l1+oFoWbnlu2Ehimmi34=
golang.org/x/sys v0.25.0/go.mod h1:/VUhepiaJMQUp4+oa/7Zr1D23ma6VTLIYjOOTFZPUcA=
golang.org/x/text v0.18.0 h1:XvMDiNzPAl0jr17s6W9lcaIhGUfUORdGCNsuLmPG224=
golang.org/x/text v0.18.0/go.mod h1:BuEKDfySbSR4drPmRPG/7iBdf8hvFMuRexcpahXilzY=
golang.org/x/vuln v0.0.0-20230110180137-6ad3e3d07815 h1:A9kONVi4+AnuOr1dopsibH6hLi1Huy54cbeJxnq4vmU=
golang.org/x/vuln v0.0.0-20230110180137-6ad3e3d07815/go.mod h1:XJiVExZgoZfrrxoTeVsFYrSSk1snhfpOEC95JL+A4T0=
gopkg.in/check.v1 v0.0.0-20161208181325-20d25e280405/go.mod h1:Co6ibVJAznAaIkqp8huTwlJQCZ016jof/cbN4VW5Yz0=
gopkg.in/check.v1 v1.0.0-20190902080502-41f04d3bba15/go.mod h1:Co6ibVJAznAaIkqp8huTwlJQCZ016jof/cbN4VW5Yz0=
gopkg.in/yaml.v2 v2.2.2/go.mod h1:hI93XBmqTisBFMUTm0b8Fm+jr3Dg1NNxqwp+5A1VGuI=
gopkg.in/yaml.v2 v2.2.4 h1:/eiJrUcujPVeJ3xlSWaiNi3uSVmDGBK1pDHUHAnao1I=
gopkg.in/yaml.v2 v2.2.4/go.mod h1:hI93XBmqTisBFMUTm0b8Fm+jr3Dg1NNxqwp+5A1VGuI=
honnef.co/go/tools v0.4.7 h1:9MDAWxMoSnB6QoSqiVr7P5mtkT9pOc1kSxchzPCnqJs=
honnef.co/go/tools v0.4.7/go.mod h1:+rnGS1THNh8zMwnd2oVOTL9QF6vmfyG6ZXBULae2uc0=
mvdan.cc/gofumpt v0.4.0 h1:JVf4NN1mIpHogBj7ABpgOyZc65/UUOkKQFkoURsz4MM=
mvdan.cc/gofumpt v0.4.0/go.mod h1:PljLOHDeZqgS8opHRKLzp2It2VBuSdteAgqUfzMTxlQ=
mvdan.cc/unparam v0.0.0-20211214103731-d0ef000c54e5 h1:Jh3LAeMt1eGpxomyu3jVkmVZWW2MxZ1qIIV2TZ/nRio=
mvdan.cc/xurls/v2 v2.5.0 h1:lyBNOm8Wo71UknhUs4QTFUNNMyxy2JEIaKKo0RWOh+8=
mvdan.cc/xurls/v2 v2.5.0/go.mod h1:yQgaGQ1rFtJUzkmKiHYSSfuQxqfYmd//X6PxvholpeE=
